PODS:
  - FlutterMacOS (1.0.0)
  - system_windows (0.0.1):
    - FlutterMacOS

DEPENDENCIES:
  - FlutterMacOS (from `Flutter/ephemeral`)
  - system_windows (from `Flutter/ephemeral/.symlinks/plugins/system_windows/macos`)

EXTERNAL SOURCES:
  FlutterMacOS:
    :path: Flutter/ephemeral
  system_windows:
    :path: Flutter/ephemeral/.symlinks/plugins/system_windows/macos

SPEC CHECKSUMS:
  FlutterMacOS: 57701585bf7de1b3fc2bb61f6378d73bbdea8424
  system_windows: 1d0a8740f2b254ad26281f887e4d06f41b6ec077

PODFILE CHECKSUM: 6eac6b3292e5142cfc23bdeb71848a40ec51c14c

COCOAPODS: 1.10.1
